
Microsoft Visual Studio Solution File, Format Version 11.00
# Visual Studio 2010
Project("{FAE04EC0-301F-11D3-BF4B-00C04F79EFBC}") = "Tank Filling Demo", "Assembly-CSharp.csproj", "{36346567-3BF3-DA2B-1822-3F7DEA70AE3C}"
EndProject
Project("{FAE04EC0-301F-11D3-BF4B-00C04F79EFBC}") = "Tank Filling Demo", "Assembly-CSharp-firstpass.csproj", "{6CFE1E83-ED4C-BFA1-7602-429BC6FE64D1}"
EndProject
Project("{FAE04EC0-301F-11D3-BF4B-00C04F79EFBC}") = "Tank Filling Demo", "Assembly-CSharp-Editor.csproj", "{73B66B96-BAB0-1D8F-8BF1-291553D8650E}"
EndProject
Project("{FAE04EC0-301F-11D3-BF4B-00C04F79EFBC}") = "Tank Filling Demo", "Assembly-CSharp-Editor-firstpass.csproj", "{00C992CE-CCAC-1D75-578F-0B5B206F4D6E}"
EndProject
Global
	GlobalSection(SolutionConfigurationPlatforms) = preSolution
		Debug|Any CPU = Debug|Any CPU
		Release|Any CPU = Release|Any CPU
	EndGlobalSection
	GlobalSection(ProjectConfigurationPlatforms) = postSolution
		{36346567-3BF3-DA2B-1822-3F7DEA70AE3C}.Debug|Any CPU.ActiveCfg = Debug|Any CPU
		{36346567-3BF3-DA2B-1822-3F7DEA70AE3C}.Debug|Any CPU.Build.0 = Debug|Any CPU
		{36346567-3BF3-DA2B-1822-3F7DEA70AE3C}.Release|Any CPU.ActiveCfg = Release|Any CPU
		{36346567-3BF3-DA2B-1822-3F7DEA70AE3C}.Release|Any CPU.Build.0 = Release|Any CPU
		{6CFE1E83-ED4C-BFA1-7602-429BC6FE64D1}.Debug|Any CPU.ActiveCfg = Debug|Any CPU
		{6CFE1E83-ED4C-BFA1-7602-429BC6FE64D1}.Debug|Any CPU.Build.0 = Debug|Any CPU
		{6CFE1E83-ED4C-BFA1-7602-429BC6FE64D1}.Release|Any CPU.ActiveCfg = Release|Any CPU
		{6CFE1E83-ED4C-BFA1-7602-429BC6FE64D1}.Release|Any CPU.Build.0 = Release|Any CPU
		{73B66B96-BAB0-1D8F-8BF1-291553D8650E}.Debug|Any CPU.ActiveCfg = Debug|Any CPU
		{73B66B96-BAB0-1D8F-8BF1-291553D8650E}.Debug|Any CPU.Build.0 = Debug|Any CPU
		{73B66B96-BAB0-1D8F-8BF1-291553D8650E}.Release|Any CPU.ActiveCfg = Release|Any CPU
		{73B66B96-BAB0-1D8F-8BF1-291553D8650E}.Release|Any CPU.Build.0 = Release|Any CPU
		{00C992CE-CCAC-1D75-578F-0B5B206F4D6E}.Debug|Any CPU.ActiveCfg = Debug|Any CPU
		{00C992CE-CCAC-1D75-578F-0B5B206F4D6E}.Debug|Any CPU.Build.0 = Debug|Any CPU
		{00C992CE-CCAC-1D75-578F-0B5B206F4D6E}.Release|Any CPU.ActiveCfg = Release|Any CPU
		{00C992CE-CCAC-1D75-578F-0B5B206F4D6E}.Release|Any CPU.Build.0 = Release|Any CPU
	EndGlobalSection
	GlobalSection(SolutionProperties) = preSolution
		HideSolutionNode = FALSE
	EndGlobalSection
	GlobalSection(MonoDevelopProperties) = preSolution
		StartupItem = Assembly-CSharp.csproj
	EndGlobalSection
EndGlobal
